// !$*UTF8*$!
{
	archiveVersion = 1;
	classes = {
	};
	objectVersion = 46;
	objects = {

/* Begin PBXBuildFile section */
		D664980B1B5F41CE0029BEAD /* main.cpp in Sources */ = {isa = PBXBuildFile; fileRef = D664980A1B5F41CE0029BEAD /* main.cpp */; };
		D66498131B5F41EF0029BEAD /* ImageFileClass.cpp in Sources */ = {isa = PBXBuildFile; fileRef = D66498111B5F41EF0029BEAD /* ImageFileClass.cpp */; };
		D6D1A9221B60E220004115E1 /* libjpeg.8.dylib in Frameworks */ = {isa = PBXBuildFile; fileRef = D6D1A91F1B60E220004115E1 /* libjpeg.8.dylib */; };
		D6D1A9231B60E220004115E1 /* libjpeg.a in Frameworks */ = {isa = PBXBuildFile; fileRef = D6D1A9201B60E220004115E1 /* libjpeg.a */; };
		D6D1A9241B60E220004115E1 /* libjpeg.8.dylib in Frameworks */ = {isa = PBXBuildFile; fileRef = D6D1A9211B60E220004115E1 /* libjpeg.8.dylib */; };
		D6D1A9271B632B82004115E1 /* HistogramOfImageClass.cpp in Sources */ = {isa = PBXBuildFile; fileRef = D6D1A9251B632B82004115E1 /* HistogramOfImageClass.cpp */; };
		D6D1A92A1B647E78004115E1 /* DBSCAN_Class.cpp in Sources */ = {isa = PBXBuildFile; fileRef = D6D1A9281B647E78004115E1 /* DBSCAN_Class.cpp */; };
		D6D1A92D1B65BA30004115E1 /* LightParamEstimationClass.cpp in Sources */ = {isa = PBXBuildFile; fileRef = D6D1A92B1B65BA30004115E1 /* LightParamEstimationClass.cpp */; };
		D6D1A9301B672794004115E1 /* LightFallOffEstimationClass.cpp in Sources */ = {isa = PBXBuildFile; fileRef = D6D1A92E1B672794004115E1 /* LightFallOffEstimationClass.cpp */; };
/* End PBXBuildFile section */

/* Begin PBXCopyFilesBuildPhase section */
		D66498051B5F41CE0029BEAD /* CopyFiles */ = {
			isa = PBXCopyFilesBuildPhase;
			buildActionMask = 2147483647;
			dstPath = /usr/share/man/man1/;
			dstSubfolderSpec = 0;
			files = (
			);
			runOnlyForDeploymentPostprocessing = 1;
		};
/* End PBXCopyFilesBuildPhase section */

/* Begin PBXFileReference section */
		D66498071B5F41CE0029BEAD /* LightParamterEstimation */ = {isa = PBXFileReference; explicitFileType = "compiled.mach-o.executable"; includeInIndex = 0; path = LightParamterEstimation; sourceTree = BUILT_PRODUCTS_DIR; };
		D664980A1B5F41CE0029BEAD /* main.cpp */ = {isa = PBXFileReference; lastKnownFileType = sourcecode.cpp.cpp; path = main.cpp; sourceTree = "<group>"; };
		D66498111B5F41EF0029BEAD /* ImageFileClass.cpp */ = {isa = PBXFileReference; fileEncoding = 4; lastKnownFileType = sourcecode.cpp.cpp; path = ImageFileClass.cpp; sourceTree = "<group>"; };
		D66498121B5F41EF0029BEAD /* ImageFileClass.h */ = {isa = PBXFileReference; fileEncoding = 4; lastKnownFileType = sourcecode.c.h; path = ImageFileClass.h; sourceTree = "<group>"; };
		D6D1A91F1B60E220004115E1 /* libjpeg.8.dylib */ = {isa = PBXFileReference; lastKnownFileType = "compiled.mach-o.dylib"; name = libjpeg.8.dylib; path = ../../../../usr/local/Cellar/jpeg/8d/lib/libjpeg.8.dylib; sourceTree = "<group>"; };
		D6D1A9201B60E220004115E1 /* libjpeg.a */ = {isa = PBXFileReference; lastKnownFileType = archive.ar; name = libjpeg.a; path = ../../../../usr/local/Cellar/jpeg/8d/lib/libjpeg.a; sourceTree = "<group>"; };
		D6D1A9211B60E220004115E1 /* libjpeg.8.dylib */ = {isa = PBXFileReference; lastKnownFileType = "compiled.mach-o.dylib"; name = libjpeg.8.dylib; path = ../../../../usr/local/Cellar/jpeg/8d/lib/libjpeg.8.dylib; sourceTree = "<group>"; };
		D6D1A9251B632B82004115E1 /* HistogramOfImageClass.cpp */ = {isa = PBXFileReference; fileEncoding = 4; lastKnownFileType = sourcecode.cpp.cpp; path = HistogramOfImageClass.cpp; sourceTree = "<group>"; };
		D6D1A9261B632B82004115E1 /* HistogramOfImageClass.h */ = {isa = PBXFileReference; fileEncoding = 4; lastKnownFileType = sourcecode.c.h; path = HistogramOfImageClass.h; sourceTree = "<group>"; };
		D6D1A9281B647E78004115E1 /* DBSCAN_Class.cpp */ = {isa = PBXFileReference; fileEncoding = 4; lastKnownFileType = sourcecode.cpp.cpp; path = DBSCAN_Class.cpp; sourceTree = "<group>"; };
		D6D1A9291B647E78004115E1 /* DBSCAN_Class.h */ = {isa = PBXFileReference; fileEncoding = 4; lastKnownFileType = sourcecode.c.h; path = DBSCAN_Class.h; sourceTree = "<group>"; };
		D6D1A92B1B65BA30004115E1 /* LightParamEstimationClass.cpp */ = {isa = PBXFileReference; fileEncoding = 4; lastKnownFileType = sourcecode.cpp.cpp; path = LightParamEstimationClass.cpp; sourceTree = "<group>"; };
		D6D1A92C1B65BA30004115E1 /* LightParamEstimationClass.h */ = {isa = PBXFileReference; fileEncoding = 4; lastKnownFileType = sourcecode.c.h; path = LightParamEstimationClass.h; sourceTree = "<group>"; };
		D6D1A92E1B672794004115E1 /* LightFallOffEstimationClass.cpp */ = {isa = PBXFileReference; fileEncoding = 4; lastKnownFileType = sourcecode.cpp.cpp; path = LightFallOffEstimationClass.cpp; sourceTree = "<group>"; };
		D6D1A92F1B672794004115E1 /* LightFallOffEstimationClass.h */ = {isa = PBXFileReference; fileEncoding = 4; lastKnownFileType = sourcecode.c.h; path = LightFallOffEstimationClass.h; sourceTree = "<group>"; };
/* End PBXFileReference section */

/* Begin PBXFrameworksBuildPhase section */
		D66498041B5F41CE0029BEAD /* Frameworks */ = {
			isa = PBXFrameworksBuildPhase;
			buildActionMask = 2147483647;
			files = (
				D6D1A9221B60E220004115E1 /* libjpeg.8.dylib in Frameworks */,
				D6D1A9231B60E220004115E1 /* libjpeg.a in Frameworks */,
				D6D1A9241B60E220004115E1 /* libjpeg.8.dylib in Frameworks */,
			);
			runOnlyForDeploymentPostprocessing = 0;
		};
/* End PBXFrameworksBuildPhase section */

/* Begin PBXGroup section */
		D66497FE1B5F41CE0029BEAD = {
			isa = PBXGroup;
			children = (
				D6D1A91F1B60E220004115E1 /* libjpeg.8.dylib */,
				D6D1A9201B60E220004115E1 /* libjpeg.a */,
				D6D1A9211B60E220004115E1 /* libjpeg.8.dylib */,
				D66498091B5F41CE0029BEAD /* LightParamterEstimation */,
				D66498081B5F41CE0029BEAD /* Products */,
			);
			sourceTree = "<group>";
		};
		D66498081B5F41CE0029BEAD /* Products */ = {
			isa = PBXGroup;
			children = (
				D66498071B5F41CE0029BEAD /* LightParamterEstimation */,
			);
			name = Products;
			sourceTree = "<group>";
		};
		D66498091B5F41CE0029BEAD /* LightParamterEstimation */ = {
			isa = PBXGroup;
			children = (
				D664980A1B5F41CE0029BEAD /* main.cpp */,
				D66498111B5F41EF0029BEAD /* ImageFileClass.cpp */,
				D66498121B5F41EF0029BEAD /* ImageFileClass.h */,
				D6D1A9251B632B82004115E1 /* HistogramOfImageClass.cpp */,
				D6D1A9261B632B82004115E1 /* HistogramOfImageClass.h */,
				D6D1A9281B647E78004115E1 /* DBSCAN_Class.cpp */,
				D6D1A9291B647E78004115E1 /* DBSCAN_Class.h */,
				D6D1A92B1B65BA30004115E1 /* LightParamEstimationClass.cpp */,
				D6D1A92C1B65BA30004115E1 /* LightParamEstimationClass.h */,
				D6D1A92E1B672794004115E1 /* LightFallOffEstimationClass.cpp */,
				D6D1A92F1B672794004115E1 /* LightFallOffEstimationClass.h */,
			);
			path = LightParamterEstimation;
			sourceTree = "<group>";
		};
/* End PBXGroup section */

/* Begin PBXNativeTarget section */
		D66498061B5F41CE0029BEAD /* LightParamterEstimation */ = {
			isa = PBXNativeTarget;
			buildConfigurationList = D664980E1B5F41CE0029BEAD /* Build configuration list for PBXNativeTarget "LightParamterEstimation" */;
			buildPhases = (
				D66498031B5F41CE0029BEAD /* Sources */,
				D66498041B5F41CE0029BEAD /* Frameworks */,
				D66498051B5F41CE0029BEAD /* CopyFiles */,
			);
			buildRules = (
			);
			dependencies = (
			);
			name = LightParamterEstimation;
			productName = LightParamterEstimation;
			productReference = D66498071B5F41CE0029BEAD /* LightParamterEstimation */;
			productType = "com.apple.product-type.tool";
		};
/* End PBXNativeTarget section */

/* Begin PBXProject section */
		D66497FF1B5F41CE0029BEAD /* Project object */ = {
			isa = PBXProject;
			attributes = {
				LastUpgradeCheck = 0640;
				ORGANIZATIONNAME = "Pratheba Selvaraju";
				TargetAttributes = {
					D66498061B5F41CE0029BEAD = {
						CreatedOnToolsVersion = 6.4;
					};
				};
			};
			buildConfigurationList = D66498021B5F41CE0029BEAD /* Build configuration list for PBXProject "LightParamterEstimation" */;
			compatibilityVersion = "Xcode 3.2";
			developmentRegion = English;
			hasScannedForEncodings = 0;
			knownRegions = (
				en,
			);
			mainGroup = D66497FE1B5F41CE0029BEAD;
			productRefGroup = D66498081B5F41CE0029BEAD /* Products */;
			projectDirPath = "";
			projectRoot = "";
			targets = (
				D66498061B5F41CE0029BEAD /* LightParamterEstimation */,
			);
		};
/* End PBXProject section */

/* Begin PBXSourcesBuildPhase section */
		D66498031B5F41CE0029BEAD /* Sources */ = {
			isa = PBXSourcesBuildPhase;
			buildActionMask = 2147483647;
			files = (
				D6D1A92D1B65BA30004115E1 /* LightParamEstimationClass.cpp in Sources */,
				D6D1A9271B632B82004115E1 /* HistogramOfImageClass.cpp in Sources */,
				D664980B1B5F41CE0029BEAD /* main.cpp in Sources */,
				D6D1A92A1B647E78004115E1 /* DBSCAN_Class.cpp in Sources */,
				D66498131B5F41EF0029BEAD /* ImageFileClass.cpp in Sources */,
				D6D1A9301B672794004115E1 /* LightFallOffEstimationClass.cpp in Sources */,
			);
			runOnlyForDeploymentPostprocessing = 0;
		};
/* End PBXSourcesBuildPhase section */

/* Begin XCBuildConfiguration section */
		D664980C1B5F41CE0029BEAD /* Debug */ = {
			isa = XCBuildConfiguration;
			buildSettings = {
				ALWAYS_SEARCH_USER_PATHS = NO;
				CLANG_CXX_LANGUAGE_STANDARD = "gnu++0x";
				CLANG_CXX_LIBRARY = "libc++";
				CLANG_ENABLE_MODULES = YES;
				CLANG_ENABLE_OBJC_ARC = YES;
				CLANG_WARN_BOOL_CONVERSION = YES;
				CLANG_WARN_CONSTANT_CONVERSION = YES;
				CLANG_WARN_DIRECT_OBJC_ISA_USAGE = YES_ERROR;
				CLANG_WARN_EMPTY_BODY = YES;
				CLANG_WARN_ENUM_CONVERSION = YES;
				CLANG_WARN_INT_CONVERSION = YES;
				CLANG_WARN_OBJC_ROOT_CLASS = YES_ERROR;
				CLANG_WARN_UNREACHABLE_CODE = YES;
				CLANG_WARN__DUPLICATE_METHOD_MATCH = YES;
				COPY_PHASE_STRIP = NO;
				DEBUG_INFORMATION_FORMAT = dwarf;
				ENABLE_STRICT_OBJC_MSGSEND = YES;
				GCC_C_LANGUAGE_STANDARD = gnu99;
				GCC_DYNAMIC_NO_PIC = NO;
				GCC_NO_COMMON_BLOCKS = YES;
				GCC_OPTIMIZATION_LEVEL = 0;
				GCC_PREPROCESSOR_DEFINITIONS = (
					"DEBUG=1",
					"$(inherited)",
				);
				GCC_SYMBOLS_PRIVATE_EXTERN = NO;
				GCC_WARN_64_TO_32_BIT_CONVERSION = YES;
				GCC_WARN_ABOUT_RETURN_TYPE = YES_ERROR;
				GCC_WARN_UNDECLARED_SELECTOR = YES;
				GCC_WARN_UNINITIALIZED_AUTOS = YES_AGGRESSIVE;
				GCC_WARN_UNUSED_FUNCTION = YES;
				GCC_WARN_UNUSED_VARIABLE = YES;
				MACOSX_DEPLOYMENT_TARGET = 10.10;
				MTL_ENABLE_DEBUG_INFO = YES;
				ONLY_ACTIVE_ARCH = YES;
				SDKROOT = macosx;
			};
			name = Debug;
		};
		D664980D1B5F41CE0029BEAD /* Release */ = {
			isa = XCBuildConfiguration;
			buildSettings = {
				ALWAYS_SEARCH_USER_PATHS = NO;
				CLANG_CXX_LANGUAGE_STANDARD = "gnu++0x";
				CLANG_CXX_LIBRARY = "libc++";
				CLANG_ENABLE_MODULES = YES;
				CLANG_ENABLE_OBJC_ARC = YES;
				CLANG_WARN_BOOL_CONVERSION = YES;
				CLANG_WARN_CONSTANT_CONVERSION = YES;
				CLANG_WARN_DIRECT_OBJC_ISA_USAGE = YES_ERROR;
				CLANG_WARN_EMPTY_BODY = YES;
				CLANG_WARN_ENUM_CONVERSION = YES;
				CLANG_WARN_INT_CONVERSION = YES;
				CLANG_WARN_OBJC_ROOT_CLASS = YES_ERROR;
				CLANG_WARN_UNREACHABLE_CODE = YES;
				CLANG_WARN__DUPLICATE_METHOD_MATCH = YES;
				COPY_PHASE_STRIP = NO;
				DEBUG_INFORMATION_FORMAT = "dwarf-with-dsym";
				ENABLE_NS_ASSERTIONS = NO;
				ENABLE_STRICT_OBJC_MSGSEND = YES;
				GCC_C_LANGUAGE_STANDARD = gnu99;
				GCC_NO_COMMON_BLOCKS = YES;
				GCC_WARN_64_TO_32_BIT_CONVERSION = YES;
				GCC_WARN_ABOUT_RETURN_TYPE = YES_ERROR;
				GCC_WARN_UNDECLARED_SELECTOR = YES;
				GCC_WARN_UNINITIALIZED_AUTOS = YES_AGGRESSIVE;
				GCC_WARN_UNUSED_FUNCTION = YES;
				GCC_WARN_UNUSED_VARIABLE = YES;
				MACOSX_DEPLOYMENT_TARGET = 10.10;
				MTL_ENABLE_DEBUG_INFO = NO;
				SDKROOT = macosx;
			};
			name = Release;
		};
		D664980F1B5F41CE0029BEAD /* Debug */ = {
			isa = XCBuildConfiguration;
			buildSettings = {
				HEADER_SEARCH_PATHS = (
					"$(inherited)",
					/Applications/Xcode.app/Contents/Developer/Toolchains/XcodeDefault.xctoolchain/usr/include,
					/usr/local/Cellar/jpeg/8d/include,
					/usr/local/include,
				);
				LIBRARY_SEARCH_PATHS = /usr/local/lib/;
				OTHER_LDFLAGS = (
					"-lopencv_calib3d",
					"-lopencv_core",
					"-lopencv_features2d",
					"-lopencv_flann",
					"-lopencv_highgui",
					"-lopencv_imgproc",
					"-lopencv_ml",
					"-lopencv_objdetect",
					"-lopencv_photo",
					"-lopencv_stitching",
					"-lopencv_superres",
					"-lopencv_ts",
					"-lopencv_video",
				);
				PRODUCT_NAME = "$(TARGET_NAME)";
			};
			name = Debug;
		};
		D66498101B5F41CE0029BEAD /* Release */ = {
			isa = XCBuildConfiguration;
			buildSettings = {
				HEADER_SEARCH_PATHS = (
					"$(inherited)",
					/Applications/Xcode.app/Contents/Developer/Toolchains/XcodeDefault.xctoolchain/usr/include,
					/usr/local/Cellar/jpeg/8d/include,
					/usr/local/include,
				);
				LIBRARY_SEARCH_PATHS = /usr/local/lib/;
				OTHER_LDFLAGS = (
					"-lopencv_calib3d",
					"-lopencv_core",
					"-lopencv_features2d",
					"-lopencv_flann",
					"-lopencv_highgui",
					"-lopencv_imgproc",
					"-lopencv_ml",
					"-lopencv_objdetect",
					"-lopencv_photo",
					"-lopencv_stitching",
					"-lopencv_superres",
					"-lopencv_ts",
					"-lopencv_video",
				);
				PRODUCT_NAME = "$(TARGET_NAME)";
			};
			name = Release;
		};
/* End XCBuildConfiguration section */

/* Begin XCConfigurationList section */
		D66498021B5F41CE0029BEAD /* Build configuration list for PBXProject "LightParamterEstimation" */ = {
			isa = XCConfigurationList;
			buildConfigurations = (
				D664980C1B5F41CE0029BEAD /* Debug */,
				D664980D1B5F41CE0029BEAD /* Release */,
			);
			defaultConfigurationIsVisible = 0;
			defaultConfigurationName = Release;
		};
		D664980E1B5F41CE0029BEAD /* Build configuration list for PBXNativeTarget "LightParamterEstimation" */ = {
			isa = XCConfigurationList;
			buildConfigurations = (
				D664980F1B5F41CE0029BEAD /* Debug */,
				D66498101B5F41CE0029BEAD /* Release */,
			);
			defaultConfigurationIsVisible = 0;
			defaultConfigurationName = Release;
		};
/* End XCConfigurationList section */
	};
	rootObject = D66497FF1B5F41CE0029BEAD /* Project object */;
}
